// !$*UTF8*$!
{
	archiveVersion = 1;
	classes = {
	};
	objectVersion = 56;
	objects = {

/* Begin PBXBuildFile section */
		BDC12BE62C5198C100EEDBDC /* STEM_starsApp.swift in Sources */ = {isa = PBXBuildFile; fileRef = BDC12BE52C5198C100EEDBDC /* STEM_starsApp.swift */; };
		BDC12BE82C5198C100EEDBDC /* ContentView.swift in Sources */ = {isa = PBXBuildFile; fileRef = BDC12BE72C5198C100EEDBDC /* ContentView.swift */; };
		BDC12BEA2C5198C200EEDBDC /* Assets.xcassets in Resources */ = {isa = PBXBuildFile; fileRef = BDC12BE92C5198C200EEDBDC /* Assets.xcassets */; };
		BDC12BED2C5198C200EEDBDC /* Preview Assets.xcassets in Resources */ = {isa = PBXBuildFile; fileRef = BDC12BEC2C5198C200EEDBDC /* Preview Assets.xcassets */; };
		BDC12BF72C5198C200EEDBDC /* STEM_starsTests.swift in Sources */ = {isa = PBXBuildFile; fileRef = BDC12BF62C5198C200EEDBDC /* STEM_starsTests.swift */; };
		BDC12C012C5198C200EEDBDC /* STEM_starsUITests.swift in Sources */ = {isa = PBXBuildFile; fileRef = BDC12C002C5198C200EEDBDC /* STEM_starsUITests.swift */; };
		BDC12C032C5198C200EEDBDC /* STEM_starsUITestsLaunchTests.swift in Sources */ = {isa = PBXBuildFile; fileRef = BDC12C022C5198C200EEDBDC /* STEM_starsUITestsLaunchTests.swift */; };
/* End PBXBuildFile section */

/* Begin PBXContainerItemProxy section */
		BDC12BF32C5198C200EEDBDC /* PBXContainerItemProxy */ = {
			isa = PBXContainerItemProxy;
			containerPortal = BDC12BDA2C5198C100EEDBDC /* Project object */;
			proxyType = 1;
			remoteGlobalIDString = BDC12BE12C5198C100EEDBDC;
			remoteInfo = "STEM stars";
		};
		BDC12BFD2C5198C200EEDBDC /* PBXContainerItemProxy */ = {
			isa = PBXContainerItemProxy;
			containerPortal = BDC12BDA2C5198C100EEDBDC /* Project object */;
			proxyType = 1;
			remoteGlobalIDString = BDC12BE12C5198C100EEDBDC;
			remoteInfo = "STEM stars";
		};
/* End PBXContainerItemProxy section */

/* Begin PBXFileReference section */
		BDC12BE22C5198C100EEDBDC /* STEM stars.app */ = {isa = PBXFileReference; explicitFileType = wrapper.application; includeInIndex = 0; path = "STEM stars.app"; sourceTree = BUILT_PRODUCTS_DIR; };
		BDC12BE52C5198C100EEDBDC /* STEM_starsApp.swift */ = {isa = PBXFileReference; lastKnownFileType = sourcecode.swift; path = STEM_starsApp.swift; sourceTree = "<group>"; };
		BDC12BE72C5198C100EEDBDC /* ContentView.swift */ = {isa = PBXFileReference; lastKnownFileType = sourcecode.swift; path = ContentView.swift; sourceTree = "<group>"; };
		BDC12BE92C5198C200EEDBDC /* Assets.xcassets */ = {isa = PBXFileReference; lastKnownFileType = folder.assetcatalog; path = Assets.xcassets; sourceTree = "<group>"; };
		BDC12BEC2C5198C200EEDBDC /* Preview Assets.xcassets */ = {isa = PBXFileReference; lastKnownFileType = folder.assetcatalog; path = "Preview Assets.xcassets"; sourceTree = "<group>"; };
		BDC12BF22C5198C200EEDBDC /* STEM starsTests.xctest */ = {isa = PBXFileReference; explicitFileType = wrapper.cfbundle; includeInIndex = 0; path = "STEM starsTests.xctest"; sourceTree = BUILT_PRODUCTS_DIR; };
		BDC12BF62C5198C200EEDBDC /* STEM_starsTests.swift */ = {isa = PBXFileReference; lastKnownFileType = sourcecode.swift; path = STEM_starsTests.swift; sourceTree = "<group>"; };
		BDC12BFC2C5198C200EEDBDC /* STEM starsUITests.xctest */ = {isa = PBXFileReference; explicitFileType = wrapper.cfbundle; includeInIndex = 0; path = "STEM starsUITests.xctest"; sourceTree = BUILT_PRODUCTS_DIR; };
		BDC12C002C5198C200EEDBDC /* STEM_starsUITests.swift */ = {isa = PBXFileReference; lastKnownFileType = sourcecode.swift; path = STEM_starsUITests.swift; sourceTree = "<group>"; };
		BDC12C022C5198C200EEDBDC /* STEM_starsUITestsLaunchTests.swift */ = {isa = PBXFileReference; lastKnownFileType = sourcecode.swift; path = STEM_starsUITestsLaunchTests.swift; sourceTree = "<group>"; };
/* End PBXFileReference section */

/* Begin PBXFrameworksBuildPhase section */
		BDC12BDF2C5198C100EEDBDC /* Frameworks */ = {
			isa = PBXFrameworksBuildPhase;
			buildActionMask = 2147483647;
			files = (
			);
			runOnlyForDeploymentPostprocessing = 0;
		};
		BDC12BEF2C5198C200EEDBDC /* Frameworks */ = {
			isa = PBXFrameworksBuildPhase;
			buildActionMask = 2147483647;
			files = (
			);
			runOnlyForDeploymentPostprocessing = 0;
		};
		BDC12BF92C5198C200EEDBDC /* Frameworks */ = {
			isa = PBXFrameworksBuildPhase;
			buildActionMask = 2147483647;
			files = (
			);
			runOnlyForDeploymentPostprocessing = 0;
		};
/* End PBXFrameworksBuildPhase section */

/* Begin PBXGroup section */
		BDC12BD92C5198C100EEDBDC = {
			isa = PBXGroup;
			children = (
				BDC12BE42C5198C100EEDBDC /* STEM stars */,
				BDC12BF52C5198C200EEDBDC /* STEM starsTests */,
				BDC12BFF2C5198C200EEDBDC /* STEM starsUITests */,
				BDC12BE32C5198C100EEDBDC /* Products */,
			);
			sourceTree = "<group>";
		};
		BDC12BE32C5198C100EEDBDC /* Products */ = {
			isa = PBXGroup;
			children = (
				BDC12BE22C5198C100EEDBDC /* STEM stars.app */,
				BDC12BF22C5198C200EEDBDC /* STEM starsTests.xctest */,
				BDC12BFC2C5198C200EEDBDC /* STEM starsUITests.xctest */,
			);
			name = Products;
			sourceTree = "<group>";
		};
		BDC12BE42C5198C100EEDBDC /* STEM stars */ = {
			isa = PBXGroup;
			children = (
				BDC12BE52C5198C100EEDBDC /* STEM_starsApp.swift */,
				BDC12BE72C5198C100EEDBDC /* ContentView.swift */,
				BDC12BE92C5198C200EEDBDC /* Assets.xcassets */,
				BDC12BEB2C5198C200EEDBDC /* Preview Content */,
			);
			path = "STEM stars";
			sourceTree = "<group>";
		};
		BDC12BEB2C5198C200EEDBDC /* Preview Content */ = {
			isa = PBXGroup;
			children = (
				BDC12BEC2C5198C200EEDBDC /* Preview Assets.xcassets */,
			);
			path = "Preview Content";
			sourceTree = "<group>";
		};
		BDC12BF52C5198C200EEDBDC /* STEM starsTests */ = {
			isa = PBXGroup;
			children = (
				BDC12BF62C5198C200EEDBDC /* STEM_starsTests.swift */,
			);
			path = "STEM starsTests";
			sourceTree = "<group>";
		};
		BDC12BFF2C5198C200EEDBDC /* STEM starsUITests */ = {
			isa = PBXGroup;
			children = (
				BDC12C002C5198C200EEDBDC /* STEM_starsUITests.swift */,
				BDC12C022C5198C200EEDBDC /* STEM_starsUITestsLaunchTests.swift */,
			);
			path = "STEM starsUITests";
			sourceTree = "<group>";
		};
/* End PBXGroup section */

/* Begin PBXNativeTarget section */
		BDC12BE12C5198C100EEDBDC /* STEM stars */ = {
			isa = PBXNativeTarget;
			buildConfigurationList = BDC12C062C5198C200EEDBDC /* Build configuration list for PBXNativeTarget "STEM stars" */;
			buildPhases = (
				BDC12BDE2C5198C100EEDBDC /* Sources */,
				BDC12BDF2C5198C100EEDBDC /* Frameworks */,
				BDC12BE02C5198C100EEDBDC /* Resources */,
			);
			buildRules = (
			);
			dependencies = (
			);
			name = "STEM stars";
			productName = "STEM stars";
			productReference = BDC12BE22C5198C100EEDBDC /* STEM stars.app */;
			productType = "com.apple.product-type.application";
		};
		BDC12BF12C5198C200EEDBDC /* STEM starsTests */ = {
			isa = PBXNativeTarget;
			buildConfigurationList = BDC12C092C5198C200EEDBDC /* Build configuration list for PBXNativeTarget "STEM starsTests" */;
			buildPhases = (
				BDC12BEE2C5198C200EEDBDC /* Sources */,
				BDC12BEF2C5198C200EEDBDC /* Frameworks */,
				BDC12BF02C5198C200EEDBDC /* Resources */,
			);
			buildRules = (
			);
			dependencies = (
				BDC12BF42C5198C200EEDBDC /* PBXTargetDependency */,
			);
			name = "STEM starsTests";
			productName = "STEM starsTests";
			productReference = BDC12BF22C5198C200EEDBDC /* STEM starsTests.xctest */;
			productType = "com.apple.product-type.bundle.unit-test";
		};
		BDC12BFB2C5198C200EEDBDC /* STEM starsUITests */ = {
			isa = PBXNativeTarget;
			buildConfigurationList = BDC12C0C2C5198C200EEDBDC /* Build configuration list for PBXNativeTarget "STEM starsUITests" */;
			buildPhases = (
				BDC12BF82C5198C200EEDBDC /* Sources */,
				BDC12BF92C5198C200EEDBDC /* Frameworks */,
				BDC12BFA2C5198C200EEDBDC /* Resources */,
			);
			buildRules = (
			);
			dependencies = (
				BDC12BFE2C5198C200EEDBDC /* PBXTargetDependency */,
			);
			name = "STEM starsUITests";
			productName = "STEM starsUITests";
			productReference = BDC12BFC2C5198C200EEDBDC /* STEM starsUITests.xctest */;
			productType = "com.apple.product-type.bundle.ui-testing";
		};
/* End PBXNativeTarget section */

/* Begin PBXProject section */
		BDC12BDA2C5198C100EEDBDC /* Project object */ = {
			isa = PBXProject;
			attributes = {
				BuildIndependentTargetsInParallel = 1;
				LastSwiftUpdateCheck = 1530;
				LastUpgradeCheck = 1530;
				TargetAttributes = {
					BDC12BE12C5198C100EEDBDC = {
						CreatedOnToolsVersion = 15.3;
					};
					BDC12BF12C5198C200EEDBDC = {
						CreatedOnToolsVersion = 15.3;
						TestTargetID = BDC12BE12C5198C100EEDBDC;
					};
					BDC12BFB2C5198C200EEDBDC = {
						CreatedOnToolsVersion = 15.3;
						TestTargetID = BDC12BE12C5198C100EEDBDC;
					};
				};
			};
			buildConfigurationList = BDC12BDD2C5198C100EEDBDC /* Build configuration list for PBXProject "STEM stars" */;
			compatibilityVersion = "Xcode 14.0";
			developmentRegion = en;
			hasScannedForEncodings = 0;
			knownRegions = (
				en,
				Base,
			);
			mainGroup = BDC12BD92C5198C100EEDBDC;
			productRefGroup = BDC12BE32C5198C100EEDBDC /* Products */;
			projectDirPath = "";
			projectRoot = "";
			targets = (
				BDC12BE12C5198C100EEDBDC /* STEM stars */,
				BDC12BF12C5198C200EEDBDC /* STEM starsTests */,
				BDC12BFB2C5198C200EEDBDC /* STEM starsUITests */,
			);
		};
/* End PBXProject section */

/* Begin PBXResourcesBuildPhase section */
		BDC12BE02C5198C100EEDBDC /* Resources */ = {
			isa = PBXResourcesBuildPhase;
			buildActionMask = 2147483647;
			files = (
				BDC12BED2C5198C200EEDBDC /* Preview Assets.xcassets in Resources */,
				BDC12BEA2C5198C200EEDBDC /* Assets.xcassets in Resources */,
			);
			runOnlyForDeploymentPostprocessing = 0;
		};
		BDC12BF02C5198C200EEDBDC /* Resources */ = {
			isa = PBXResourcesBuildPhase;
			buildActionMask = 2147483647;
			files = (
			);
			runOnlyForDeploymentPostprocessing = 0;
		};
		BDC12BFA2C5198C200EEDBDC /* Resources */ = {
			isa = PBXResourcesBuildPhase;
			buildActionMask = 2147483647;
			files = (
			);
			runOnlyForDeploymentPostprocessing = 0;
		};
/* End PBXResourcesBuildPhase section */

/* Begin PBXSourcesBuildPhase section */
		BDC12BDE2C5198C100EEDBDC /* Sources */ = {
			isa = PBXSourcesBuildPhase;
			buildActionMask = 2147483647;
			files = (
				BDC12BE82C5198C100EEDBDC /* ContentView.swift in Sources */,
				BDC12BE62C5198C100EEDBDC /* STEM_starsApp.swift in Sources */,
			);
			runOnlyForDeploymentPostprocessing = 0;
		};
		BDC12BEE2C5198C200EEDBDC /* Sources */ = {
			isa = PBXSourcesBuildPhase;
			buildActionMask = 2147483647;
			files = (
				BDC12BF72C5198C200EEDBDC /* STEM_starsTests.swift in Sources */,
			);
			runOnlyForDeploymentPostprocessing = 0;
		};
		BDC12BF82C5198C200EEDBDC /* Sources */ = {
			isa = PBXSourcesBuildPhase;
			buildActionMask = 2147483647;
			files = (
				BDC12C012C5198C200EEDBDC /* STEM_starsUITests.swift in Sources */,
				BDC12C032C5198C200EEDBDC /* STEM_starsUITestsLaunchTests.swift in Sources */,
			);
			runOnlyForDeploymentPostprocessing = 0;
		};
/* End PBXSourcesBuildPhase section */

/* Begin PBXTargetDependency section */
		BDC12BF42C5198C200EEDBDC /* PBXTargetDependency */ = {
			isa = PBXTargetDependency;
			target = BDC12BE12C5198C100EEDBDC /* STEM stars */;
			targetProxy = BDC12BF32C5198C200EEDBDC /* PBXContainerItemProxy */;
		};
		BDC12BFE2C5198C200EEDBDC /* PBXTargetDependency */ = {
			isa = PBXTargetDependency;
			target = BDC12BE12C5198C100EEDBDC /* STEM stars */;
			targetProxy = BDC12BFD2C5198C200EEDBDC /* PBXContainerItemProxy */;
		};
/* End PBXTargetDependency section */

/* Begin XCBuildConfiguration section */
		BDC12C042C5198C200EEDBDC /* Debug */ = {
			isa = XCBuildConfiguration;
			buildSettings = {
				ALWAYS_SEARCH_USER_PATHS = NO;
				ASSETCATALOG_COMPILER_GENERATE_SWIFT_ASSET_SYMBOL_EXTENSIONS = YES;
				CLANG_ANALYZER_NONNULL = YES;
				CLANG_ANALYZER_NUMBER_OBJECT_CONVERSION = YES_AGGRESSIVE;
				CLANG_CXX_LANGUAGE_STANDARD = "gnu++20";
				CLANG_ENABLE_MODULES = YES;
				CLANG_ENABLE_OBJC_ARC = YES;
				CLANG_ENABLE_OBJC_WEAK = YES;
				CLANG_WARN_BLOCK_CAPTURE_AUTORELEASING = YES;
				CLANG_WARN_BOOL_CONVERSION = YES;
				CLANG_WARN_COMMA = YES;
				CLANG_WARN_CONSTANT_CONVERSION = YES;
				CLANG_WARN_DEPRECATED_OBJC_IMPLEMENTATIONS = YES;
				CLANG_WARN_DIRECT_OBJC_ISA_USAGE = YES_ERROR;
				CLANG_WARN_DOCUMENTATION_COMMENTS = YES;
				CLANG_WARN_EMPTY_BODY = YES;
				CLANG_WARN_ENUM_CONVERSION = YES;
				CLANG_WARN_INFINITE_RECURSION = YES;
				CLANG_WARN_INT_CONVERSION = YES;
				CLANG_WARN_NON_LITERAL_NULL_CONVERSION = YES;
				CLANG_WARN_OBJC_IMPLICIT_RETAIN_SELF = YES;
				CLANG_WARN_OBJC_LITERAL_CONVERSION = YES;
				CLANG_WARN_OBJC_ROOT_CLASS = YES_ERROR;
				CLANG_WARN_QUOTED_INCLUDE_IN_FRAMEWORK_HEADER = YES;
				CLANG_WARN_RANGE_LOOP_ANALYSIS = YES;
				CLANG_WARN_STRICT_PROTOTYPES = YES;
				CLANG_WARN_SUSPICIOUS_MOVE = YES;
				CLANG_WARN_UNGUARDED_AVAILABILITY = YES_AGGRESSIVE;
				CLANG_WARN_UNREACHABLE_CODE = YES;
				CLANG_WARN__DUPLICATE_METHOD_MATCH = YES;
				COPY_PHASE_STRIP = NO;
				DEBUG_INFORMATION_FORMAT = dwarf;
				ENABLE_STRICT_OBJC_MSGSEND = YES;
				ENABLE_TESTABILITY = YES;
				ENABLE_USER_SCRIPT_SANDBOXING = YES;
				GCC_C_LANGUAGE_STANDARD = gnu17;
				GCC_DYNAMIC_NO_PIC = NO;
				GCC_NO_COMMON_BLOCKS = YES;
				GCC_OPTIMIZATION_LEVEL = 0;
				GCC_PREPROCESSOR_DEFINITIONS = (
					"DEBUG=1",
					"$(inherited)",
				);
				GCC_WARN_64_TO_32_BIT_CONVERSION = YES;
				GCC_WARN_ABOUT_RETURN_TYPE = YES_ERROR;
				GCC_WARN_UNDECLARED_SELECTOR = YES;
				GCC_WARN_UNINITIALIZED_AUTOS = YES_AGGRESSIVE;
				GCC_WARN_UNUSED_FUNCTION = YES;
				GCC_WARN_UNUSED_VARIABLE = YES;
				IPHONEOS_DEPLOYMENT_TARGET = 17.4;
				LOCALIZATION_PREFERS_STRING_CATALOGS = YES;
				MTL_ENABLE_DEBUG_INFO = INCLUDE_SOURCE;
				MTL_FAST_MATH = YES;
				ONLY_ACTIVE_ARCH = YES;
				SDKROOT = iphoneos;
				SWIFT_ACTIVE_COMPILATION_CONDITIONS = "DEBUG $(inherited)";
				SWIFT_OPTIMIZATION_LEVEL = "-Onone";
			};
			name = Debug;
		};
		BDC12C052C5198C200EEDBDC /* Release */ = {
			isa = XCBuildConfiguration;
			buildSettings = {
				ALWAYS_SEARCH_USER_PATHS = NO;
				ASSETCATALOG_COMPILER_GENERATE_SWIFT_ASSET_SYMBOL_EXTENSIONS = YES;
				CLANG_ANALYZER_NONNULL = YES;
				CLANG_ANALYZER_NUMBER_OBJECT_CONVERSION = YES_AGGRESSIVE;
				CLANG_CXX_LANGUAGE_STANDARD = "gnu++20";
				CLANG_ENABLE_MODULES = YES;
				CLANG_ENABLE_OBJC_ARC = YES;
				CLANG_ENABLE_OBJC_WEAK = YES;
				CLANG_WARN_BLOCK_CAPTURE_AUTORELEASING = YES;
				CLANG_WARN_BOOL_CONVERSION = YES;
				CLANG_WARN_COMMA = YES;
				CLANG_WARN_CONSTANT_CONVERSION = YES;
				CLANG_WARN_DEPRECATED_OBJC_IMPLEMENTATIONS = YES;
				CLANG_WARN_DIRECT_OBJC_ISA_USAGE = YES_ERROR;
				CLANG_WARN_DOCUMENTATION_COMMENTS = YES;
				CLANG_WARN_EMPTY_BODY = YES;
				CLANG_WARN_ENUM_CONVERSION = YES;
				CLANG_WARN_INFINITE_RECURSION = YES;
				CLANG_WARN_INT_CONVERSION = YES;
				CLANG_WARN_NON_LITERAL_NULL_CONVERSION = YES;
				CLANG_WARN_OBJC_IMPLICIT_RETAIN_SELF = YES;
				CLANG_WARN_OBJC_LITERAL_CONVERSION = YES;
				CLANG_WARN_OBJC_ROOT_CLASS = YES_ERROR;
				CLANG_WARN_QUOTED_INCLUDE_IN_FRAMEWORK_HEADER = YES;
				CLANG_WARN_RANGE_LOOP_ANALYSIS = YES;
				CLANG_WARN_STRICT_PROTOTYPES = YES;
				CLANG_WARN_SUSPICIOUS_MOVE = YES;
				CLANG_WARN_UNGUARDED_AVAILABILITY = YES_AGGRESSIVE;
				CLANG_WARN_UNREACHABLE_CODE = YES;
				CLANG_WARN__DUPLICATE_METHOD_MATCH = YES;
				COPY_PHASE_STRIP = NO;
				DEBUG_INFORMATION_FORMAT = "dwarf-with-dsym";
				ENABLE_NS_ASSERTIONS = NO;
				ENABLE_STRICT_OBJC_MSGSEND = YES;
				ENABLE_USER_SCRIPT_SANDBOXING = YES;
				GCC_C_LANGUAGE_STANDARD = gnu17;
				GCC_NO_COMMON_BLOCKS = YES;
				GCC_WARN_64_TO_32_BIT_CONVERSION = YES;
				GCC_WARN_ABOUT_RETURN_TYPE = YES_ERROR;
				GCC_WARN_UNDECLARED_SELECTOR = YES;
				GCC_WARN_UNINITIALIZED_AUTOS = YES_AGGRESSIVE;
				GCC_WARN_UNUSED_FUNCTION = YES;
				GCC_WARN_UNUSED_VARIABLE = YES;
				IPHONEOS_DEPLOYMENT_TARGET = 17.4;
				LOCALIZATION_PREFERS_STRING_CATALOGS = YES;
				MTL_ENABLE_DEBUG_INFO = NO;
				MTL_FAST_MATH = YES;
				SDKROOT = iphoneos;
				SWIFT_COMPILATION_MODE = wholemodule;
				VALIDATE_PRODUCT = YES;
			};
			name = Release;
		};
		BDC12C072C5198C200EEDBDC /* Debug */ = {
			isa = XCBuildConfiguration;
			buildSettings = {
				ASSETCATALOG_COMPILER_APPICON_NAME = AppIcon;
				ASSETCATALOG_COMPILER_GLOBAL_ACCENT_COLOR_NAME = AccentColor;
				CODE_SIGN_STYLE = Automatic;
				CURRENT_PROJECT_VERSION = 1;
				DEVELOPMENT_ASSET_PATHS = "\"STEM stars/Preview Content\"";
				DEVELOPMENT_TEAM = 96N5PC4QP8;
				ENABLE_PREVIEWS = YES;
				GENERATE_INFOPLIST_FILE = YES;
				INFOPLIST_KEY_UIApplicationSceneManifest_Generation = YES;
				INFOPLIST_KEY_UIApplicationSupportsIndirectInputEvents = YES;
				INFOPLIST_KEY_UILaunchScreen_Generation = YES;
				INFOPLIST_KEY_UISupportedInterfaceOrientations_iPad = "UIInterfaceOrientationPortrait UIInterfaceOrientationPortraitUpsideDown UIInterfaceOrientationLandscapeLeft UIInterfaceOrientationLandscapeRight";
				INFOPLIST_KEY_UISupportedInterfaceOrientations_iPhone = "UIInterfaceOrientationPortrait UIInterfaceOrientationLandscapeLeft UIInterfaceOrientationLandscapeRight";
				LD_RUNPATH_SEARCH_PATHS = (
					"$(inherited)",
					"@executable_path/Frameworks",
				);
				MARKETING_VERSION = 1.0;
				PRODUCT_BUNDLE_IDENTIFIER = "KWK.STEM-stars";
				PRODUCT_NAME = "$(TARGET_NAME)";
				SWIFT_EMIT_LOC_STRINGS = YES;
				SWIFT_VERSION = 5.0;
				TARGETED_DEVICE_FAMILY = "1,2";
			};
			name = Debug;
		};
		BDC12C082C5198C200EEDBDC /* Release */ = {
			isa = XCBuildConfiguration;
			buildSettings = {
				ASSETCATALOG_COMPILER_APPICON_NAME = AppIcon;
				ASSETCATALOG_COMPILER_GLOBAL_ACCENT_COLOR_NAME = AccentColor;
				CODE_SIGN_STYLE = Automatic;
				CURRENT_PROJECT_VERSION = 1;
				DEVELOPMENT_ASSET_PATHS = "\"STEM stars/Preview Content\"";
				DEVELOPMENT_TEAM = 96N5PC4QP8;
				ENABLE_PREVIEWS = YES;
				GENERATE_INFOPLIST_FILE = YES;
				INFOPLIST_KEY_UIApplicationSceneManifest_Generation = YES;
				INFOPLIST_KEY_UIApplicationSupportsIndirectInputEvents = YES;
				INFOPLIST_KEY_UILaunchScreen_Generation = YES;
				INFOPLIST_KEY_UISupportedInterfaceOrientations_iPad = "UIInterfaceOrientationPortrait UIInterfaceOrientationPortraitUpsideDown UIInterfaceOrientationLandscapeLeft UIInterfaceOrientationLandscapeRight";
				INFOPLIST_KEY_UISupportedInterfaceOrientations_iPhone = "UIInterfaceOrientationPortrait UIInterfaceOrientationLandscapeLeft UIInterfaceOrientationLandscapeRight";
				LD_RUNPATH_SEARCH_PATHS = (
					"$(inherited)",
					"@executable_path/Frameworks",
				);
				MARKETING_VERSION = 1.0;
				PRODUCT_BUNDLE_IDENTIFIER = "KWK.STEM-stars";
				PRODUCT_NAME = "$(TARGET_NAME)";
				SWIFT_EMIT_LOC_STRINGS = YES;
				SWIFT_VERSION = 5.0;
				TARGETED_DEVICE_FAMILY = "1,2";
			};
			name = Release;
		};
		BDC12C0A2C5198C200EEDBDC /* Debug */ = {
			isa = XCBuildConfiguration;
			buildSettings = {
				ALWAYS_EMBED_SWIFT_STANDARD_LIBRARIES = YES;
				BUNDLE_LOADER = "$(TEST_HOST)";
				CODE_SIGN_STYLE = Automatic;
				CURRENT_PROJECT_VERSION = 1;
				DEVELOPMENT_TEAM = 96N5PC4QP8;
				GENERATE_INFOPLIST_FILE = YES;
				IPHONEOS_DEPLOYMENT_TARGET = 17.4;
				MARKETING_VERSION = 1.0;
				PRODUCT_BUNDLE_IDENTIFIER = "KWK.STEM-starsTests";
				PRODUCT_NAME = "$(TARGET_NAME)";
				SWIFT_EMIT_LOC_STRINGS = NO;
				SWIFT_VERSION = 5.0;
				TARGETED_DEVICE_FAMILY = "1,2";
				TEST_HOST = "$(BUILT_PRODUCTS_DIR)/STEM stars.app/$(BUNDLE_EXECUTABLE_FOLDER_PATH)/STEM stars";
			};
			name = Debug;
		};
		BDC12C0B2C5198C200EEDBDC /* Release */ = {
			isa = XCBuildConfiguration;
			buildSettings = {
				ALWAYS_EMBED_SWIFT_STANDARD_LIBRARIES = YES;
				BUNDLE_LOADER = "$(TEST_HOST)";
				CODE_SIGN_STYLE = Automatic;
				CURRENT_PROJECT_VERSION = 1;
				DEVELOPMENT_TEAM = 96N5PC4QP8;
				GENERATE_INFOPLIST_FILE = YES;
				IPHONEOS_DEPLOYMENT_TARGET = 17.4;
				MARKETING_VERSION = 1.0;
				PRODUCT_BUNDLE_IDENTIFIER = "KWK.STEM-starsTests";
				PRODUCT_NAME = "$(TARGET_NAME)";
				SWIFT_EMIT_LOC_STRINGS = NO;
				SWIFT_VERSION = 5.0;
				TARGETED_DEVICE_FAMILY = "1,2";
				TEST_HOST = "$(BUILT_PRODUCTS_DIR)/STEM stars.app/$(BUNDLE_EXECUTABLE_FOLDER_PATH)/STEM stars";
			};
			name = Release;
		};
		BDC12C0D2C5198C200EEDBDC /* Debug */ = {
			isa = XCBuildConfiguration;
			buildSettings = {
				ALWAYS_EMBED_SWIFT_STANDARD_LIBRARIES = YES;
				CODE_SIGN_STYLE = Automatic;
				CURRENT_PROJECT_VERSION = 1;
				DEVELOPMENT_TEAM = 96N5PC4QP8;
				GENERATE_INFOPLIST_FILE = YES;
				MARKETING_VERSION = 1.0;
				PRODUCT_BUNDLE_IDENTIFIER = "KWK.STEM-starsUITests";
				PRODUCT_NAME = "$(TARGET_NAME)";
				SWIFT_EMIT_LOC_STRINGS = NO;
				SWIFT_VERSION = 5.0;
				TARGETED_DEVICE_FAMILY = "1,2";
				TEST_TARGET_NAME = "STEM stars";
			};
			name = Debug;
		};
		BDC12C0E2C5198C200EEDBDC /* Release */ = {
			isa = XCBuildConfiguration;
			buildSettings = {
				ALWAYS_EMBED_SWIFT_STANDARD_LIBRARIES = YES;
				CODE_SIGN_STYLE = Automatic;
				CURRENT_PROJECT_VERSION = 1;
				DEVELOPMENT_TEAM = 96N5PC4QP8;
				GENERATE_INFOPLIST_FILE = YES;
				MARKETING_VERSION = 1.0;
				PRODUCT_BUNDLE_IDENTIFIER = "KWK.STEM-starsUITests";
				PRODUCT_NAME = "$(TARGET_NAME)";
				SWIFT_EMIT_LOC_STRINGS = NO;
				SWIFT_VERSION = 5.0;
				TARGETED_DEVICE_FAMILY = "1,2";
				TEST_TARGET_NAME = "STEM stars";
			};
			name = Release;
		};
/* End XCBuildConfiguration section */

/* Begin XCConfigurationList section */
		BDC12BDD2C5198C100EEDBDC /* Build configuration list for PBXProject "STEM stars" */ = {
			isa = XCConfigurationList;
			buildConfigurations = (
				BDC12C042C5198C200EEDBDC /* Debug */,
				BDC12C052C5198C200EEDBDC /* Release */,
			);
			defaultConfigurationIsVisible = 0;
			defaultConfigurationName = Release;
		};
		BDC12C062C5198C200EEDBDC /* Build configuration list for PBXNativeTarget "STEM stars" */ = {
			isa = XCConfigurationList;
			buildConfigurations = (
				BDC12C072C5198C200EEDBDC /* Debug */,
				BDC12C082C5198C200EEDBDC /* Release */,
			);
			defaultConfigurationIsVisible = 0;
			defaultConfigurationName = Release;
		};
		BDC12C092C5198C200EEDBDC /* Build configuration list for PBXNativeTarget "STEM starsTests" */ = {
			isa = XCConfigurationList;
			buildConfigurations = (
				BDC12C0A2C5198C200EEDBDC /* Debug */,
				BDC12C0B2C5198C200EEDBDC /* Release */,
			);
			defaultConfigurationIsVisible = 0;
			defaultConfigurationName = Release;
		};
		BDC12C0C2C5198C200EEDBDC /* Build configuration list for PBXNativeTarget "STEM starsUITests" */ = {
			isa = XCConfigurationList;
			buildConfigurations = (
				BDC12C0D2C5198C200EEDBDC /* Debug */,
				BDC12C0E2C5198C200EEDBDC /* Release */,
			);
			defaultConfigurationIsVisible = 0;
			defaultConfigurationName = Release;
		};
/* End XCConfigurationList section */
	};
	rootObject = BDC12BDA2C5198C100EEDBDC /* Project object */;
}
